
Microsoft Visual Studio Solution File, Format Version 12.00
# Visual Studio Version 17
VisualStudioVersion = 17.14.36301.6
MinimumVisualStudioVersion = 10.0.40219.1
Project("{8BC9CEB8-8B4A-11D0-8D11-00A0C91BC942}") = "Temperature converter", "Temperature converter\Temperature converter.vcxproj", "{5127DB37-9DB8-4727-A859-017CA2724B80}"
EndProject
Project("{8BC9CEB8-8B4A-11D0-8D11-00A0C91BC942}") = "note picker", "note picker\note picker.vcxproj", "{514EFE21-4A01-4423-9398-ABABA07E9BE4}"
EndProject
Project("{8BC9CEB8-8B4A-11D0-8D11-00A0C91BC942}") = "Miles to Kilometers", "Miles to Kilometers\Miles to Kilometers.vcxproj", "{6C479BED-EF0D-4350-8C2B-D10075B11A32}"
EndProject
Project("{8BC9CEB8-8B4A-11D0-8D11-00A0C91BC942}") = "odd OR even", "odd OR even\odd OR even.vcxproj", "{CE546948-E2FF-4CDF-A9E9-6E44672011BE}"
EndProject
Project("{8BC9CEB8-8B4A-11D0-8D11-00A0C91BC942}") = "WordFrequencyAnalyzer", "WordFrequencyAnalyzer\WordFrequencyAnalyzer.vcxproj", "{941A4252-C4E6-4180-9291-A685F8AF1E76}"
EndProject
Project("{8BC9CEB8-8B4A-11D0-8D11-00A0C91BC942}") = "Smallest Number Finder", "Smallest Number Finder\Smallest Number Finder.vcxproj", "{3E7D530A-A034-4D75-83F8-D891F2DA7E7C}"
EndProject
Project("{8BC9CEB8-8B4A-11D0-8D11-00A0C91BC942}") = "Bubble sort algorith", "Bubble sort algorith\Bubble sort algorith.vcxproj", "{53F7B69D-F3A4-47E3-AF1A-F02236C1325E}"
EndProject
Project("{8BC9CEB8-8B4A-11D0-8D11-00A0C91BC942}") = "Another way to make a bubble sort", "Another way to make a bubble sort\Another way to make a bubble sort.vcxproj", "{A085CBEF-F92A-43F5-95C2-E2A733A58B34}"
EndProject
Project("{8BC9CEB8-8B4A-11D0-8D11-00A0C91BC942}") = "Fundamentals of Funcions", "Fundamentals of Funcions\Fundamentals of Funcions.vcxproj", "{088C5A02-4407-4A05-98EA-B6D01ADAF6A2}"
EndProject
Project("{8BC9CEB8-8B4A-11D0-8D11-00A0C91BC942}") = "Structure of a c++ project", "Structure of a c++ project\Structure of a c++ project.vcxproj", "{9BC1B46E-11FD-4CA4-95FA-95BB672EC83B}"
EndProject
Project("{8BC9CEB8-8B4A-11D0-8D11-00A0C91BC942}") = "Inline", "Inline\Inline.vcxproj", "{6092AA28-B5DE-44DF-89A9-DACF0B9CA9FB}"
EndProject
Project("{8BC9CEB8-8B4A-11D0-8D11-00A0C91BC942}") = "Matrix rain", "Matrix rain\Matrix rain.vcxproj", "{92F30EB9-B02F-4BAF-A620-C2F4E8B5C42E}"
EndProject
Project("{8BC9CEB8-8B4A-11D0-8D11-00A0C91BC942}") = "struct", "struct\struct.vcxproj", "{0E938227-8A8B-480A-8BD0-763ABB16CAF6}"
EndProject
Project("{8BC9CEB8-8B4A-11D0-8D11-00A0C91BC942}") = "pointers", "pointers\pointers.vcxproj", "{68866E45-D576-4992-B8CD-86F3FFCCB427}"
EndProject
Global
	GlobalSection(SolutionConfigurationPlatforms) = preSolution
		Debug|x64 = Debug|x64
		Debug|x86 = Debug|x86
		Release|x64 = Release|x64
		Release|x86 = Release|x86
	EndGlobalSection
	GlobalSection(ProjectConfigurationPlatforms) = postSolution
		{5127DB37-9DB8-4727-A859-017CA2724B80}.Debug|x64.ActiveCfg = Debug|x64
		{5127DB37-9DB8-4727-A859-017CA2724B80}.Debug|x64.Build.0 = Debug|x64
		{5127DB37-9DB8-4727-A859-017CA2724B80}.Debug|x86.ActiveCfg = Debug|Win32
		{5127DB37-9DB8-4727-A859-017CA2724B80}.Debug|x86.Build.0 = Debug|Win32
		{5127DB37-9DB8-4727-A859-017CA2724B80}.Release|x64.ActiveCfg = Release|x64
		{5127DB37-9DB8-4727-A859-017CA2724B80}.Release|x64.Build.0 = Release|x64
		{5127DB37-9DB8-4727-A859-017CA2724B80}.Release|x86.ActiveCfg = Release|Win32
		{5127DB37-9DB8-4727-A859-017CA2724B80}.Release|x86.Build.0 = Release|Win32
		{514EFE21-4A01-4423-9398-ABABA07E9BE4}.Debug|x64.ActiveCfg = Debug|x64
		{514EFE21-4A01-4423-9398-ABABA07E9BE4}.Debug|x64.Build.0 = Debug|x64
		{514EFE21-4A01-4423-9398-ABABA07E9BE4}.Debug|x86.ActiveCfg = Debug|Win32
		{514EFE21-4A01-4423-9398-ABABA07E9BE4}.Debug|x86.Build.0 = Debug|Win32
		{514EFE21-4A01-4423-9398-ABABA07E9BE4}.Release|x64.ActiveCfg = Release|x64
		{514EFE21-4A01-4423-9398-ABABA07E9BE4}.Release|x64.Build.0 = Release|x64
		{514EFE21-4A01-4423-9398-ABABA07E9BE4}.Release|x86.ActiveCfg = Release|Win32
		{514EFE21-4A01-4423-9398-ABABA07E9BE4}.Release|x86.Build.0 = Release|Win32
		{6C479BED-EF0D-4350-8C2B-D10075B11A32}.Debug|x64.ActiveCfg = Debug|x64
		{6C479BED-EF0D-4350-8C2B-D10075B11A32}.Debug|x64.Build.0 = Debug|x64
		{6C479BED-EF0D-4350-8C2B-D10075B11A32}.Debug|x86.ActiveCfg = Debug|Win32
		{6C479BED-EF0D-4350-8C2B-D10075B11A32}.Debug|x86.Build.0 = Debug|Win32
		{6C479BED-EF0D-4350-8C2B-D10075B11A32}.Release|x64.ActiveCfg = Release|x64
		{6C479BED-EF0D-4350-8C2B-D10075B11A32}.Release|x64.Build.0 = Release|x64
		{6C479BED-EF0D-4350-8C2B-D10075B11A32}.Release|x86.ActiveCfg = Release|Win32
		{6C479BED-EF0D-4350-8C2B-D10075B11A32}.Release|x86.Build.0 = Release|Win32
		{CE546948-E2FF-4CDF-A9E9-6E44672011BE}.Debug|x64.ActiveCfg = Debug|x64
		{CE546948-E2FF-4CDF-A9E9-6E44672011BE}.Debug|x64.Build.0 = Debug|x64
		{CE546948-E2FF-4CDF-A9E9-6E44672011BE}.Debug|x86.ActiveCfg = Debug|Win32
		{CE546948-E2FF-4CDF-A9E9-6E44672011BE}.Debug|x86.Build.0 = Debug|Win32
		{CE546948-E2FF-4CDF-A9E9-6E44672011BE}.Release|x64.ActiveCfg = Release|x64
		{CE546948-E2FF-4CDF-A9E9-6E44672011BE}.Release|x64.Build.0 = Release|x64
		{CE546948-E2FF-4CDF-A9E9-6E44672011BE}.Release|x86.ActiveCfg = Release|Win32
		{CE546948-E2FF-4CDF-A9E9-6E44672011BE}.Release|x86.Build.0 = Release|Win32
		{941A4252-C4E6-4180-9291-A685F8AF1E76}.Debug|x64.ActiveCfg = Debug|x64
		{941A4252-C4E6-4180-9291-A685F8AF1E76}.Debug|x64.Build.0 = Debug|x64
		{941A4252-C4E6-4180-9291-A685F8AF1E76}.Debug|x86.ActiveCfg = Debug|Win32
		{941A4252-C4E6-4180-9291-A685F8AF1E76}.Debug|x86.Build.0 = Debug|Win32
		{941A4252-C4E6-4180-9291-A685F8AF1E76}.Release|x64.ActiveCfg = Release|x64
		{941A4252-C4E6-4180-9291-A685F8AF1E76}.Release|x64.Build.0 = Release|x64
		{941A4252-C4E6-4180-9291-A685F8AF1E76}.Release|x86.ActiveCfg = Release|Win32
		{941A4252-C4E6-4180-9291-A685F8AF1E76}.Release|x86.Build.0 = Release|Win32
		{3E7D530A-A034-4D75-83F8-D891F2DA7E7C}.Debug|x64.ActiveCfg = Debug|x64
		{3E7D530A-A034-4D75-83F8-D891F2DA7E7C}.Debug|x64.Build.0 = Debug|x64
		{3E7D530A-A034-4D75-83F8-D891F2DA7E7C}.Debug|x86.ActiveCfg = Debug|Win32
		{3E7D530A-A034-4D75-83F8-D891F2DA7E7C}.Debug|x86.Build.0 = Debug|Win32
		{3E7D530A-A034-4D75-83F8-D891F2DA7E7C}.Release|x64.ActiveCfg = Release|x64
		{3E7D530A-A034-4D75-83F8-D891F2DA7E7C}.Release|x64.Build.0 = Release|x64
		{3E7D530A-A034-4D75-83F8-D891F2DA7E7C}.Release|x86.ActiveCfg = Release|Win32
		{3E7D530A-A034-4D75-83F8-D891F2DA7E7C}.Release|x86.Build.0 = Release|Win32
		{53F7B69D-F3A4-47E3-AF1A-F02236C1325E}.Debug|x64.ActiveCfg = Debug|x64
		{53F7B69D-F3A4-47E3-AF1A-F02236C1325E}.Debug|x64.Build.0 = Debug|x64
		{53F7B69D-F3A4-47E3-AF1A-F02236C1325E}.Debug|x86.ActiveCfg = Debug|Win32
		{53F7B69D-F3A4-47E3-AF1A-F02236C1325E}.Debug|x86.Build.0 = Debug|Win32
		{53F7B69D-F3A4-47E3-AF1A-F02236C1325E}.Release|x64.ActiveCfg = Release|x64
		{53F7B69D-F3A4-47E3-AF1A-F02236C1325E}.Release|x64.Build.0 = Release|x64
		{53F7B69D-F3A4-47E3-AF1A-F02236C1325E}.Release|x86.ActiveCfg = Release|Win32
		{53F7B69D-F3A4-47E3-AF1A-F02236C1325E}.Release|x86.Build.0 = Release|Win32
		{A085CBEF-F92A-43F5-95C2-E2A733A58B34}.Debug|x64.ActiveCfg = Debug|x64
		{A085CBEF-F92A-43F5-95C2-E2A733A58B34}.Debug|x64.Build.0 = Debug|x64
		{A085CBEF-F92A-43F5-95C2-E2A733A58B34}.Debug|x86.ActiveCfg = Debug|Win32
		{A085CBEF-F92A-43F5-95C2-E2A733A58B34}.Debug|x86.Build.0 = Debug|Win32
		{A085CBEF-F92A-43F5-95C2-E2A733A58B34}.Release|x64.ActiveCfg = Release|x64
		{A085CBEF-F92A-43F5-95C2-E2A733A58B34}.Release|x64.Build.0 = Release|x64
		{A085CBEF-F92A-43F5-95C2-E2A733A58B34}.Release|x86.ActiveCfg = Release|Win32
		{A085CBEF-F92A-43F5-95C2-E2A733A58B34}.Release|x86.Build.0 = Release|Win32
		{088C5A02-4407-4A05-98EA-B6D01ADAF6A2}.Debug|x64.ActiveCfg = Debug|x64
		{088C5A02-4407-4A05-98EA-B6D01ADAF6A2}.Debug|x64.Build.0 = Debug|x64
		{088C5A02-4407-4A05-98EA-B6D01ADAF6A2}.Debug|x86.ActiveCfg = Debug|Win32
		{088C5A02-4407-4A05-98EA-B6D01ADAF6A2}.Debug|x86.Build.0 = Debug|Win32
		{088C5A02-4407-4A05-98EA-B6D01ADAF6A2}.Release|x64.ActiveCfg = Release|x64
		{088C5A02-4407-4A05-98EA-B6D01ADAF6A2}.Release|x64.Build.0 = Release|x64
		{088C5A02-4407-4A05-98EA-B6D01ADAF6A2}.Release|x86.ActiveCfg = Release|Win32
		{088C5A02-4407-4A05-98EA-B6D01ADAF6A2}.Release|x86.Build.0 = Release|Win32
		{9BC1B46E-11FD-4CA4-95FA-95BB672EC83B}.Debug|x64.ActiveCfg = Debug|x64
		{9BC1B46E-11FD-4CA4-95FA-95BB672EC83B}.Debug|x64.Build.0 = Debug|x64
		{9BC1B46E-11FD-4CA4-95FA-95BB672EC83B}.Debug|x86.ActiveCfg = Debug|Win32
		{9BC1B46E-11FD-4CA4-95FA-95BB672EC83B}.Debug|x86.Build.0 = Debug|Win32
		{9BC1B46E-11FD-4CA4-95FA-95BB672EC83B}.Release|x64.ActiveCfg = Release|x64
		{9BC1B46E-11FD-4CA4-95FA-95BB672EC83B}.Release|x64.Build.0 = Release|x64
		{9BC1B46E-11FD-4CA4-95FA-95BB672EC83B}.Release|x86.ActiveCfg = Release|Win32
		{9BC1B46E-11FD-4CA4-95FA-95BB672EC83B}.Release|x86.Build.0 = Release|Win32
		{6092AA28-B5DE-44DF-89A9-DACF0B9CA9FB}.Debug|x64.ActiveCfg = Debug|x64
		{6092AA28-B5DE-44DF-89A9-DACF0B9CA9FB}.Debug|x64.Build.0 = Debug|x64
		{6092AA28-B5DE-44DF-89A9-DACF0B9CA9FB}.Debug|x86.ActiveCfg = Debug|Win32
		{6092AA28-B5DE-44DF-89A9-DACF0B9CA9FB}.Debug|x86.Build.0 = Debug|Win32
		{6092AA28-B5DE-44DF-89A9-DACF0B9CA9FB}.Release|x64.ActiveCfg = Release|x64
		{6092AA28-B5DE-44DF-89A9-DACF0B9CA9FB}.Release|x64.Build.0 = Release|x64
		{6092AA28-B5DE-44DF-89A9-DACF0B9CA9FB}.Release|x86.ActiveCfg = Release|Win32
		{6092AA28-B5DE-44DF-89A9-DACF0B9CA9FB}.Release|x86.Build.0 = Release|Win32
		{92F30EB9-B02F-4BAF-A620-C2F4E8B5C42E}.Debug|x64.ActiveCfg = Debug|x64
		{92F30EB9-B02F-4BAF-A620-C2F4E8B5C42E}.Debug|x64.Build.0 = Debug|x64
		{92F30EB9-B02F-4BAF-A620-C2F4E8B5C42E}.Debug|x86.ActiveCfg = Debug|Win32
		{92F30EB9-B02F-4BAF-A620-C2F4E8B5C42E}.Debug|x86.Build.0 = Debug|Win32
		{92F30EB9-B02F-4BAF-A620-C2F4E8B5C42E}.Release|x64.ActiveCfg = Release|x64
		{92F30EB9-B02F-4BAF-A620-C2F4E8B5C42E}.Release|x64.Build.0 = Release|x64
		{92F30EB9-B02F-4BAF-A620-C2F4E8B5C42E}.Release|x86.ActiveCfg = Release|Win32
		{92F30EB9-B02F-4BAF-A620-C2F4E8B5C42E}.Release|x86.Build.0 = Release|Win32
		{0E938227-8A8B-480A-8BD0-763ABB16CAF6}.Debug|x64.ActiveCfg = Debug|x64
		{0E938227-8A8B-480A-8BD0-763ABB16CAF6}.Debug|x64.Build.0 = Debug|x64
		{0E938227-8A8B-480A-8BD0-763ABB16CAF6}.Debug|x86.ActiveCfg = Debug|Win32
		{0E938227-8A8B-480A-8BD0-763ABB16CAF6}.Debug|x86.Build.0 = Debug|Win32
		{0E938227-8A8B-480A-8BD0-763ABB16CAF6}.Release|x64.ActiveCfg = Release|x64
		{0E938227-8A8B-480A-8BD0-763ABB16CAF6}.Release|x64.Build.0 = Release|x64
		{0E938227-8A8B-480A-8BD0-763ABB16CAF6}.Release|x86.ActiveCfg = Release|Win32
		{0E938227-8A8B-480A-8BD0-763ABB16CAF6}.Release|x86.Build.0 = Release|Win32
		{68866E45-D576-4992-B8CD-86F3FFCCB427}.Debug|x64.ActiveCfg = Debug|x64
		{68866E45-D576-4992-B8CD-86F3FFCCB427}.Debug|x64.Build.0 = Debug|x64
		{68866E45-D576-4992-B8CD-86F3FFCCB427}.Debug|x86.ActiveCfg = Debug|Win32
		{68866E45-D576-4992-B8CD-86F3FFCCB427}.Debug|x86.Build.0 = Debug|Win32
		{68866E45-D576-4992-B8CD-86F3FFCCB427}.Release|x64.ActiveCfg = Release|x64
		{68866E45-D576-4992-B8CD-86F3FFCCB427}.Release|x64.Build.0 = Release|x64
		{68866E45-D576-4992-B8CD-86F3FFCCB427}.Release|x86.ActiveCfg = Release|Win32
		{68866E45-D576-4992-B8CD-86F3FFCCB427}.Release|x86.Build.0 = Release|Win32
	EndGlobalSection
	GlobalSection(SolutionProperties) = preSolution
		HideSolutionNode = FALSE
	EndGlobalSection
	GlobalSection(ExtensibilityGlobals) = postSolution
		SolutionGuid = {97DB06A4-FEEF-4FD7-95FE-A15EE0A3071C}
	EndGlobalSection
EndGlobal
